{
  "nodes": {
    "nixpkgs": {
      "locked": {
        "lastModified": 1778003029,
        "narHash": "sha256-q/nkKLDtHIyLjZpKhWk3cSK5IYsFqtMd6UtXF3ddjgA=",
        "rev": "0c88e1f2bdb93d5999019e99cb0e61e1fe2af4c5",
        "revCount": 912297,
        "type": "tarball",
        "url": "https://api.flakehub.com/f/pinned/NixOS/nixpkgs/0.2511.912297%2Brev-0c88e1f2bdb93d5999019e99cb0e61e1fe2af4c5/019dfbf4-87c2-7d91-9a98-ccf8f9b548eb/source.tar.gz"
      },
      "original": {
        "type": "tarball",
        "url": "https://flakehub.com/f/NixOS/nixpkgs/0"
      }
    },
    "root": {
      "inputs": {
        "nixpkgs": "nixpkgs"
      }
    }
  },
  "root": "root",
  "version": 7
}
